
Microsoft Visual Studio Solution File, Format Version 12.00
# Visual Studio Version 17
VisualStudioVersion = 17.14.36109.1
MinimumVisualStudioVersion = 10.0.40219.1
Project("{2150E333-8FDC-42A3-9474-1A3956D46DE8}") = "konu1", "konu1", "{02EA681E-C7D8-13C7-8484-4AC65E1B71E8}"
EndProject
Project("{2150E333-8FDC-42A3-9474-1A3956D46DE8}") = "konu2", "konu2", "{09FD8526-F6FC-4B1E-B05E-C6DA016E82A3}"
EndProject
Project("{2150E333-8FDC-42A3-9474-1A3956D46DE8}") = "konu3_operatorler", "konu3_operatorler", "{37551A01-D656-4E08-AF7D-972A26DD4CC6}"
EndProject
Project("{FAE04EC0-301F-11D3-BF4B-00C04F79EFBC}") = "260116_1_atama_operatorleri", "260116_1_atama_operatorleri\260116_1_atama_operatorleri.csproj", "{B855AF70-97B1-4027-93FC-597FE2005093}"
EndProject
Project("{FAE04EC0-301F-11D3-BF4B-00C04F79EFBC}") = "260116_2_odevler", "260116_2_odevler\260116_2_odevler.csproj", "{1E25909F-8FE6-433A-A467-4EBE1A0AE46C}"
EndProject
Project("{2150E333-8FDC-42A3-9474-1A3956D46DE8}") = "konu4", "konu4", "{9CD0402B-F0BB-428E-8066-1109ACA44F29}"
EndProject
Project("{FAE04EC0-301F-11D3-BF4B-00C04F79EFBC}") = "asal sayi", "asal sayi\asal sayi.csproj", "{1BFEB6C2-B82B-4243-AE41-E9B72F57A323}"
EndProject
Project("{FAE04EC0-301F-11D3-BF4B-00C04F79EFBC}") = "260127_1_supersayi_while", "260127_1_supersayi_while\260127_1_supersayi_while.csproj", "{81462894-4E77-4B76-86BC-08C608BEF90D}"
EndProject
Project("{FAE04EC0-301F-11D3-BF4B-00C04F79EFBC}") = "260107_2_dowhile", "260107_2_dowhile\260107_2_dowhile.csproj", "{863D049D-5086-45A8-B670-3C18243861A7}"
EndProject
Project("{FAE04EC0-301F-11D3-BF4B-00C04F79EFBC}") = "260127_dowhile_ornek1", "260127_dowhile_ornek1\260127_dowhile_ornek1.csproj", "{55BD69A3-FACA-4662-8D32-2EE0AB40A2A1}"
EndProject
Project("{FAE04EC0-301F-11D3-BF4B-00C04F79EFBC}") = "260129_for_donguler", "260129_for_donguler\260129_for_donguler.csproj", "{FE3FDE6F-9798-4B70-A357-DDB4B12BBAEB}"
EndProject
Project("{FAE04EC0-301F-11D3-BF4B-00C04F79EFBC}") = "260129_for_ornek1", "260129_for_ornek1\260129_for_ornek1.csproj", "{B21B6091-77A5-4677-9744-9FEDAD0A9C5F}"
EndProject
Project("{FAE04EC0-301F-11D3-BF4B-00C04F79EFBC}") = "260129_for_ornek2", "260129_for_ornek2\260129_for_ornek2.csproj", "{B51D54C6-BA62-4D41-A040-84CC90EF1B17}"
EndProject
Project("{FAE04EC0-301F-11D3-BF4B-00C04F79EFBC}") = "260129_4_for_ters_gosterme", "260129_4_for_ters_gosterme\260129_4_for_ters_gosterme.csproj", "{5B57D984-69E8-4AE4-BE33-7ECBB51A279A}"
EndProject
Project("{FAE04EC0-301F-11D3-BF4B-00C04F79EFBC}") = "260129_dik_ucgen", "260129_dik_ucgen\260129_dik_ucgen.csproj", "{D94965FC-157F-46E8-AC9C-2D743C6FFAEE}"
EndProject
Project("{FAE04EC0-301F-11D3-BF4B-00C04F79EFBC}") = "260129_dık_ucgen_ters_sayi", "260129_dık_ucgen_ters_sayi\260129_dık_ucgen_ters_sayi.csproj", "{17D9FD4B-D0A9-4A8B-B301-BC5B748B91DD}"
EndProject
Project("{FAE04EC0-301F-11D3-BF4B-00C04F79EFBC}") = "260129_7_ters_dık_ucgenfor", "260129_7_ters_dık_ucgenfor\260129_7_ters_dık_ucgenfor.csproj", "{7B6A695B-B5A4-4D88-9E27-36B9FF82579A}"
EndProject
Project("{FAE04EC0-301F-11D3-BF4B-00C04F79EFBC}") = "260130_diziler_", "260130_diziler_\260130_diziler_.csproj", "{6D0A4A1C-D3D4-469D-8753-53AC8D9DB3D9}"
EndProject
Project("{FAE04EC0-301F-11D3-BF4B-00C04F79EFBC}") = "260130_3_dizi_while", "260130_3_dizi_while\260130_3_dizi_while.csproj", "{5AA91A30-A98F-459C-ACBF-35736F5AC9F9}"
EndProject
Project("{FAE04EC0-301F-11D3-BF4B-00C04F79EFBC}") = "260130_4_diziler_ornek3", "260130_4_diziler_ornek3\260130_4_diziler_ornek3.csproj", "{FCD277A4-D789-481E-87F6-A10CF86DA7CA}"
EndProject
Global
	GlobalSection(SolutionConfigurationPlatforms) = preSolution
		Debug|Any CPU = Debug|Any CPU
		Release|Any CPU = Release|Any CPU
	EndGlobalSection
	GlobalSection(ProjectConfigurationPlatforms) = postSolution
		{B855AF70-97B1-4027-93FC-597FE2005093}.Debug|Any CPU.ActiveCfg = Debug|Any CPU
		{B855AF70-97B1-4027-93FC-597FE2005093}.Debug|Any CPU.Build.0 = Debug|Any CPU
		{B855AF70-97B1-4027-93FC-597FE2005093}.Release|Any CPU.ActiveCfg = Release|Any CPU
		{B855AF70-97B1-4027-93FC-597FE2005093}.Release|Any CPU.Build.0 = Release|Any CPU
		{1E25909F-8FE6-433A-A467-4EBE1A0AE46C}.Debug|Any CPU.ActiveCfg = Debug|Any CPU
		{1E25909F-8FE6-433A-A467-4EBE1A0AE46C}.Debug|Any CPU.Build.0 = Debug|Any CPU
		{1E25909F-8FE6-433A-A467-4EBE1A0AE46C}.Release|Any CPU.ActiveCfg = Release|Any CPU
		{1E25909F-8FE6-433A-A467-4EBE1A0AE46C}.Release|Any CPU.Build.0 = Release|Any CPU
		{1BFEB6C2-B82B-4243-AE41-E9B72F57A323}.Debug|Any CPU.ActiveCfg = Debug|Any CPU
		{1BFEB6C2-B82B-4243-AE41-E9B72F57A323}.Debug|Any CPU.Build.0 = Debug|Any CPU
		{1BFEB6C2-B82B-4243-AE41-E9B72F57A323}.Release|Any CPU.ActiveCfg = Release|Any CPU
		{1BFEB6C2-B82B-4243-AE41-E9B72F57A323}.Release|Any CPU.Build.0 = Release|Any CPU
		{81462894-4E77-4B76-86BC-08C608BEF90D}.Debug|Any CPU.ActiveCfg = Debug|Any CPU
		{81462894-4E77-4B76-86BC-08C608BEF90D}.Debug|Any CPU.Build.0 = Debug|Any CPU
		{81462894-4E77-4B76-86BC-08C608BEF90D}.Release|Any CPU.ActiveCfg = Release|Any CPU
		{81462894-4E77-4B76-86BC-08C608BEF90D}.Release|Any CPU.Build.0 = Release|Any CPU
		{863D049D-5086-45A8-B670-3C18243861A7}.Debug|Any CPU.ActiveCfg = Debug|Any CPU
		{863D049D-5086-45A8-B670-3C18243861A7}.Debug|Any CPU.Build.0 = Debug|Any CPU
		{863D049D-5086-45A8-B670-3C18243861A7}.Release|Any CPU.ActiveCfg = Release|Any CPU
		{863D049D-5086-45A8-B670-3C18243861A7}.Release|Any CPU.Build.0 = Release|Any CPU
		{55BD69A3-FACA-4662-8D32-2EE0AB40A2A1}.Debug|Any CPU.ActiveCfg = Debug|Any CPU
		{55BD69A3-FACA-4662-8D32-2EE0AB40A2A1}.Debug|Any CPU.Build.0 = Debug|Any CPU
		{55BD69A3-FACA-4662-8D32-2EE0AB40A2A1}.Release|Any CPU.ActiveCfg = Release|Any CPU
		{55BD69A3-FACA-4662-8D32-2EE0AB40A2A1}.Release|Any CPU.Build.0 = Release|Any CPU
		{FE3FDE6F-9798-4B70-A357-DDB4B12BBAEB}.Debug|Any CPU.ActiveCfg = Debug|Any CPU
		{FE3FDE6F-9798-4B70-A357-DDB4B12BBAEB}.Debug|Any CPU.Build.0 = Debug|Any CPU
		{FE3FDE6F-9798-4B70-A357-DDB4B12BBAEB}.Release|Any CPU.ActiveCfg = Release|Any CPU
		{FE3FDE6F-9798-4B70-A357-DDB4B12BBAEB}.Release|Any CPU.Build.0 = Release|Any CPU
		{B21B6091-77A5-4677-9744-9FEDAD0A9C5F}.Debug|Any CPU.ActiveCfg = Debug|Any CPU
		{B21B6091-77A5-4677-9744-9FEDAD0A9C5F}.Debug|Any CPU.Build.0 = Debug|Any CPU
		{B21B6091-77A5-4677-9744-9FEDAD0A9C5F}.Release|Any CPU.ActiveCfg = Release|Any CPU
		{B21B6091-77A5-4677-9744-9FEDAD0A9C5F}.Release|Any CPU.Build.0 = Release|Any CPU
		{B51D54C6-BA62-4D41-A040-84CC90EF1B17}.Debug|Any CPU.ActiveCfg = Debug|Any CPU
		{B51D54C6-BA62-4D41-A040-84CC90EF1B17}.Debug|Any CPU.Build.0 = Debug|Any CPU
		{B51D54C6-BA62-4D41-A040-84CC90EF1B17}.Release|Any CPU.ActiveCfg = Release|Any CPU
		{B51D54C6-BA62-4D41-A040-84CC90EF1B17}.Release|Any CPU.Build.0 = Release|Any CPU
		{5B57D984-69E8-4AE4-BE33-7ECBB51A279A}.Debug|Any CPU.ActiveCfg = Debug|Any CPU
		{5B57D984-69E8-4AE4-BE33-7ECBB51A279A}.Debug|Any CPU.Build.0 = Debug|Any CPU
		{5B57D984-69E8-4AE4-BE33-7ECBB51A279A}.Release|Any CPU.ActiveCfg = Release|Any CPU
		{5B57D984-69E8-4AE4-BE33-7ECBB51A279A}.Release|Any CPU.Build.0 = Release|Any CPU
		{D94965FC-157F-46E8-AC9C-2D743C6FFAEE}.Debug|Any CPU.ActiveCfg = Debug|Any CPU
		{D94965FC-157F-46E8-AC9C-2D743C6FFAEE}.Debug|Any CPU.Build.0 = Debug|Any CPU
		{D94965FC-157F-46E8-AC9C-2D743C6FFAEE}.Release|Any CPU.ActiveCfg = Release|Any CPU
		{D94965FC-157F-46E8-AC9C-2D743C6FFAEE}.Release|Any CPU.Build.0 = Release|Any CPU
		{17D9FD4B-D0A9-4A8B-B301-BC5B748B91DD}.Debug|Any CPU.ActiveCfg = Debug|Any CPU
		{17D9FD4B-D0A9-4A8B-B301-BC5B748B91DD}.Debug|Any CPU.Build.0 = Debug|Any CPU
		{17D9FD4B-D0A9-4A8B-B301-BC5B748B91DD}.Release|Any CPU.ActiveCfg = Release|Any CPU
		{17D9FD4B-D0A9-4A8B-B301-BC5B748B91DD}.Release|Any CPU.Build.0 = Release|Any CPU
		{7B6A695B-B5A4-4D88-9E27-36B9FF82579A}.Debug|Any CPU.ActiveCfg = Debug|Any CPU
		{7B6A695B-B5A4-4D88-9E27-36B9FF82579A}.Debug|Any CPU.Build.0 = Debug|Any CPU
		{7B6A695B-B5A4-4D88-9E27-36B9FF82579A}.Release|Any CPU.ActiveCfg = Release|Any CPU
		{7B6A695B-B5A4-4D88-9E27-36B9FF82579A}.Release|Any CPU.Build.0 = Release|Any CPU
		{6D0A4A1C-D3D4-469D-8753-53AC8D9DB3D9}.Debug|Any CPU.ActiveCfg = Debug|Any CPU
		{6D0A4A1C-D3D4-469D-8753-53AC8D9DB3D9}.Debug|Any CPU.Build.0 = Debug|Any CPU
		{6D0A4A1C-D3D4-469D-8753-53AC8D9DB3D9}.Release|Any CPU.ActiveCfg = Release|Any CPU
		{6D0A4A1C-D3D4-469D-8753-53AC8D9DB3D9}.Release|Any CPU.Build.0 = Release|Any CPU
		{5AA91A30-A98F-459C-ACBF-35736F5AC9F9}.Debug|Any CPU.ActiveCfg = Debug|Any CPU
		{5AA91A30-A98F-459C-ACBF-35736F5AC9F9}.Debug|Any CPU.Build.0 = Debug|Any CPU
		{5AA91A30-A98F-459C-ACBF-35736F5AC9F9}.Release|Any CPU.ActiveCfg = Release|Any CPU
		{5AA91A30-A98F-459C-ACBF-35736F5AC9F9}.Release|Any CPU.Build.0 = Release|Any CPU
		{FCD277A4-D789-481E-87F6-A10CF86DA7CA}.Debug|Any CPU.ActiveCfg = Debug|Any CPU
		{FCD277A4-D789-481E-87F6-A10CF86DA7CA}.Debug|Any CPU.Build.0 = Debug|Any CPU
		{FCD277A4-D789-481E-87F6-A10CF86DA7CA}.Release|Any CPU.ActiveCfg = Release|Any CPU
		{FCD277A4-D789-481E-87F6-A10CF86DA7CA}.Release|Any CPU.Build.0 = Release|Any CPU
	EndGlobalSection
	GlobalSection(SolutionProperties) = preSolution
		HideSolutionNode = FALSE
	EndGlobalSection
	GlobalSection(NestedProjects) = preSolution
		{B855AF70-97B1-4027-93FC-597FE2005093} = {37551A01-D656-4E08-AF7D-972A26DD4CC6}
		{1E25909F-8FE6-433A-A467-4EBE1A0AE46C} = {37551A01-D656-4E08-AF7D-972A26DD4CC6}
		{1BFEB6C2-B82B-4243-AE41-E9B72F57A323} = {9CD0402B-F0BB-428E-8066-1109ACA44F29}
		{81462894-4E77-4B76-86BC-08C608BEF90D} = {9CD0402B-F0BB-428E-8066-1109ACA44F29}
		{863D049D-5086-45A8-B670-3C18243861A7} = {9CD0402B-F0BB-428E-8066-1109ACA44F29}
		{55BD69A3-FACA-4662-8D32-2EE0AB40A2A1} = {9CD0402B-F0BB-428E-8066-1109ACA44F29}
		{FE3FDE6F-9798-4B70-A357-DDB4B12BBAEB} = {9CD0402B-F0BB-428E-8066-1109ACA44F29}
		{B21B6091-77A5-4677-9744-9FEDAD0A9C5F} = {9CD0402B-F0BB-428E-8066-1109ACA44F29}
		{B51D54C6-BA62-4D41-A040-84CC90EF1B17} = {9CD0402B-F0BB-428E-8066-1109ACA44F29}
		{5B57D984-69E8-4AE4-BE33-7ECBB51A279A} = {9CD0402B-F0BB-428E-8066-1109ACA44F29}
		{D94965FC-157F-46E8-AC9C-2D743C6FFAEE} = {9CD0402B-F0BB-428E-8066-1109ACA44F29}
		{17D9FD4B-D0A9-4A8B-B301-BC5B748B91DD} = {9CD0402B-F0BB-428E-8066-1109ACA44F29}
		{7B6A695B-B5A4-4D88-9E27-36B9FF82579A} = {9CD0402B-F0BB-428E-8066-1109ACA44F29}
		{6D0A4A1C-D3D4-469D-8753-53AC8D9DB3D9} = {9CD0402B-F0BB-428E-8066-1109ACA44F29}
		{5AA91A30-A98F-459C-ACBF-35736F5AC9F9} = {9CD0402B-F0BB-428E-8066-1109ACA44F29}
		{FCD277A4-D789-481E-87F6-A10CF86DA7CA} = {9CD0402B-F0BB-428E-8066-1109ACA44F29}
	EndGlobalSection
	GlobalSection(ExtensibilityGlobals) = postSolution
		SolutionGuid = {71113CE3-D63B-4187-801C-91F0BDC86E51}
	EndGlobalSection
EndGlobal
